
Microsoft Visual Studio Solution File, Format Version 12.00
# Visual Studio 15
VisualStudioVersion = 15.0.26430.12
MinimumVisualStudioVersion = 10.0.40219.1
Project("{FAE04EC0-301F-11D3-BF4B-00C04F79EFBC}") = "Clinica", "Clinica\Clinica.csproj", "{BB8B80A4-4DFD-498E-A02A-ED96E5854725}"
EndProject
Project("{FAE04EC0-301F-11D3-BF4B-00C04F79EFBC}") = "Log", "Log\Log.csproj", "{7CDCF1E5-8519-4F92-AAF9-9F86BF8E7BC7}"
EndProject
Global
	GlobalSection(SolutionConfigurationPlatforms) = preSolution
		Debug|Any CPU = Debug|Any CPU
		Release|Any CPU = Release|Any CPU
	EndGlobalSection
	GlobalSection(ProjectConfigurationPlatforms) = postSolution
		{BB8B80A4-4DFD-498E-A02A-ED96E5854725}.Debug|Any CPU.ActiveCfg = Debug|Any CPU
		{BB8B80A4-4DFD-498E-A02A-ED96E5854725}.Debug|Any CPU.Build.0 = Debug|Any CPU
		{BB8B80A4-4DFD-498E-A02A-ED96E5854725}.Release|Any CPU.ActiveCfg = Release|Any CPU
		{BB8B80A4-4DFD-498E-A02A-ED96E5854725}.Release|Any CPU.Build.0 = Release|Any CPU
		{7CDCF1E5-8519-4F92-AAF9-9F86BF8E7BC7}.Debug|Any CPU.ActiveCfg = Debug|Any CPU
		{7CDCF1E5-8519-4F92-AAF9-9F86BF8E7BC7}.Debug|Any CPU.Build.0 = Debug|Any CPU
		{7CDCF1E5-8519-4F92-AAF9-9F86BF8E7BC7}.Release|Any CPU.ActiveCfg = Release|Any CPU
		{7CDCF1E5-8519-4F92-AAF9-9F86BF8E7BC7}.Release|Any CPU.Build.0 = Release|Any CPU
	EndGlobalSection
	GlobalSection(SolutionProperties) = preSolution
		HideSolutionNode = FALSE
	EndGlobalSection
	GlobalSection(ExtensibilityGlobals) = postSolution
		SolutionGuid = {80C10C51-4EE7-4E16-BCCC-051960EAB19B}
	EndGlobalSection
EndGlobal
